// !$*UTF8*$!
{
	archiveVersion = 1;
	classes = {
	};
	objectVersion = 55;
	objects = {

/* Begin PBXBuildFile section */
		B6F4A0737139754C74365829 /* Pods_RxSwift_test.framework in Frameworks */ = {isa = PBXBuildFile; fileRef = 64C6B06EA67ED31A6465C4BF /* Pods_RxSwift_test.framework */; };
		FD4249E727E168BD0094A5FA /* PhotosCollectionViewController.swift in Sources */ = {isa = PBXBuildFile; fileRef = FD4249E627E168BD0094A5FA /* PhotosCollectionViewController.swift */; };
		FD4F6E1C27F97050002A71B0 /* PhotoCollectionViewCell.swift in Sources */ = {isa = PBXBuildFile; fileRef = FD4F6E1B27F97050002A71B0 /* PhotoCollectionViewCell.swift */; };
		FD7EDD6627D819130091BAF3 /* AppDelegate.swift in Sources */ = {isa = PBXBuildFile; fileRef = FD7EDD6527D819130091BAF3 /* AppDelegate.swift */; };
		FD7EDD6827D819130091BAF3 /* SceneDelegate.swift in Sources */ = {isa = PBXBuildFile; fileRef = FD7EDD6727D819130091BAF3 /* SceneDelegate.swift */; };
		FD7EDD6A27D819130091BAF3 /* ViewController.swift in Sources */ = {isa = PBXBuildFile; fileRef = FD7EDD6927D819130091BAF3 /* ViewController.swift */; };
		FD7EDD6D27D819130091BAF3 /* Main.storyboard in Resources */ = {isa = PBXBuildFile; fileRef = FD7EDD6B27D819130091BAF3 /* Main.storyboard */; };
		FD7EDD6F27D819160091BAF3 /* Assets.xcassets in Resources */ = {isa = PBXBuildFile; fileRef = FD7EDD6E27D819160091BAF3 /* Assets.xcassets */; };
		FD7EDD7227D819160091BAF3 /* LaunchScreen.storyboard in Resources */ = {isa = PBXBuildFile; fileRef = FD7EDD7027D819160091BAF3 /* LaunchScreen.storyboard */; };
/* End PBXBuildFile section */

/* Begin PBXFileReference section */
		64C6B06EA67ED31A6465C4BF /* Pods_RxSwift_test.framework */ = {isa = PBXFileReference; explicitFileType = wrapper.framework; includeInIndex = 0; path = Pods_RxSwift_test.framework; sourceTree = BUILT_PRODUCTS_DIR; };
		6732CED29C9EE8D6DBF3E079 /* Pods-RxSwift_test.release.xcconfig */ = {isa = PBXFileReference; includeInIndex = 1; lastKnownFileType = text.xcconfig; name = "Pods-RxSwift_test.release.xcconfig"; path = "Target Support Files/Pods-RxSwift_test/Pods-RxSwift_test.release.xcconfig"; sourceTree = "<group>"; };
		7D7B000ECD3776B5C669B59A /* Pods-RxSwift_test.debug.xcconfig */ = {isa = PBXFileReference; includeInIndex = 1; lastKnownFileType = text.xcconfig; name = "Pods-RxSwift_test.debug.xcconfig"; path = "Target Support Files/Pods-RxSwift_test/Pods-RxSwift_test.debug.xcconfig"; sourceTree = "<group>"; };
		FD4249E627E168BD0094A5FA /* PhotosCollectionViewController.swift */ = {isa = PBXFileReference; lastKnownFileType = sourcecode.swift; path = PhotosCollectionViewController.swift; sourceTree = "<group>"; };
		FD4F6E1B27F97050002A71B0 /* PhotoCollectionViewCell.swift */ = {isa = PBXFileReference; lastKnownFileType = sourcecode.swift; path = PhotoCollectionViewCell.swift; sourceTree = "<group>"; };
		FD7EDD6227D819130091BAF3 /* RxSwift_test.app */ = {isa = PBXFileReference; explicitFileType = wrapper.application; includeInIndex = 0; path = RxSwift_test.app; sourceTree = BUILT_PRODUCTS_DIR; };
		FD7EDD6527D819130091BAF3 /* AppDelegate.swift */ = {isa = PBXFileReference; lastKnownFileType = sourcecode.swift; path = AppDelegate.swift; sourceTree = "<group>"; };
		FD7EDD6727D819130091BAF3 /* SceneDelegate.swift */ = {isa = PBXFileReference; lastKnownFileType = sourcecode.swift; path = SceneDelegate.swift; sourceTree = "<group>"; };
		FD7EDD6927D819130091BAF3 /* ViewController.swift */ = {isa = PBXFileReference; lastKnownFileType = sourcecode.swift; path = ViewController.swift; sourceTree = "<group>"; };
		FD7EDD6C27D819130091BAF3 /* Base */ = {isa = PBXFileReference; lastKnownFileType = file.storyboard; name = Base; path = Base.lproj/Main.storyboard; sourceTree = "<group>"; };
		FD7EDD6E27D819160091BAF3 /* Assets.xcassets */ = {isa = PBXFileReference; lastKnownFileType = folder.assetcatalog; path = Assets.xcassets; sourceTree = "<group>"; };
		FD7EDD7127D819160091BAF3 /* Base */ = {isa = PBXFileReference; lastKnownFileType = file.storyboard; name = Base; path = Base.lproj/LaunchScreen.storyboard; sourceTree = "<group>"; };
		FD7EDD7327D819160091BAF3 /* Info.plist */ = {isa = PBXFileReference; lastKnownFileType = text.plist.xml; path = Info.plist; sourceTree = "<group>"; };
		FD7EDD7927D81AE60091BAF3 /* RxSwiftPractice.playground */ = {isa = PBXFileReference; lastKnownFileType = file.playground; path = RxSwiftPractice.playground; sourceTree = "<group>"; xcLanguageSpecificationIdentifier = xcode.lang.swift; };
/* End PBXFileReference section */

/* Begin PBXFrameworksBuildPhase section */
		FD7EDD5F27D819130091BAF3 /* Frameworks */ = {
			isa = PBXFrameworksBuildPhase;
			buildActionMask = 2147483647;
			files = (
				B6F4A0737139754C74365829 /* Pods_RxSwift_test.framework in Frameworks */,
			);
			runOnlyForDeploymentPostprocessing = 0;
		};
/* End PBXFrameworksBuildPhase section */

/* Begin PBXGroup section */
		01507070241D811F4C535ACE /* Frameworks */ = {
			isa = PBXGroup;
			children = (
				64C6B06EA67ED31A6465C4BF /* Pods_RxSwift_test.framework */,
			);
			name = Frameworks;
			sourceTree = "<group>";
		};
		DCA860A0BE835F6B41E827CD /* Pods */ = {
			isa = PBXGroup;
			children = (
				7D7B000ECD3776B5C669B59A /* Pods-RxSwift_test.debug.xcconfig */,
				6732CED29C9EE8D6DBF3E079 /* Pods-RxSwift_test.release.xcconfig */,
			);
			path = Pods;
			sourceTree = "<group>";
		};
		FD7EDD5927D819130091BAF3 = {
			isa = PBXGroup;
			children = (
				FD7EDD6427D819130091BAF3 /* RxSwift_test */,
				FD7EDD6327D819130091BAF3 /* Products */,
				DCA860A0BE835F6B41E827CD /* Pods */,
				01507070241D811F4C535ACE /* Frameworks */,
			);
			sourceTree = "<group>";
		};
		FD7EDD6327D819130091BAF3 /* Products */ = {
			isa = PBXGroup;
			children = (
				FD7EDD6227D819130091BAF3 /* RxSwift_test.app */,
			);
			name = Products;
			sourceTree = "<group>";
		};
		FD7EDD6427D819130091BAF3 /* RxSwift_test */ = {
			isa = PBXGroup;
			children = (
				FD4249E627E168BD0094A5FA /* PhotosCollectionViewController.swift */,
				FD7EDD6927D819130091BAF3 /* ViewController.swift */,
				FD7EDD7927D81AE60091BAF3 /* RxSwiftPractice.playground */,
				FD7EDD6527D819130091BAF3 /* AppDelegate.swift */,
				FD7EDD6727D819130091BAF3 /* SceneDelegate.swift */,
				FD7EDD6B27D819130091BAF3 /* Main.storyboard */,
				FD7EDD6E27D819160091BAF3 /* Assets.xcassets */,
				FD7EDD7027D819160091BAF3 /* LaunchScreen.storyboard */,
				FD7EDD7327D819160091BAF3 /* Info.plist */,
				FD4F6E1B27F97050002A71B0 /* PhotoCollectionViewCell.swift */,
			);
			path = RxSwift_test;
			sourceTree = "<group>";
		};
/* End PBXGroup section */

/* Begin PBXNativeTarget section */
		FD7EDD6127D819130091BAF3 /* RxSwift_test */ = {
			isa = PBXNativeTarget;
			buildConfigurationList = FD7EDD7627D819160091BAF3 /* Build configuration list for PBXNativeTarget "RxSwift_test" */;
			buildPhases = (
				5196D9F208026D0FD31348CB /* [CP] Check Pods Manifest.lock */,
				FD7EDD5E27D819130091BAF3 /* Sources */,
				FD7EDD5F27D819130091BAF3 /* Frameworks */,
				FD7EDD6027D819130091BAF3 /* Resources */,
				02526DD1448223F00737A08A /* [CP] Embed Pods Frameworks */,
			);
			buildRules = (
			);
			dependencies = (
			);
			name = RxSwift_test;
			productName = RxSwift_test;
			productReference = FD7EDD6227D819130091BAF3 /* RxSwift_test.app */;
			productType = "com.apple.product-type.application";
		};
/* End PBXNativeTarget section */

/* Begin PBXProject section */
		FD7EDD5A27D819130091BAF3 /* Project object */ = {
			isa = PBXProject;
			attributes = {
				BuildIndependentTargetsInParallel = 1;
				LastSwiftUpdateCheck = 1310;
				LastUpgradeCheck = 1310;
				TargetAttributes = {
					FD7EDD6127D819130091BAF3 = {
						CreatedOnToolsVersion = 13.1;
					};
				};
			};
			buildConfigurationList = FD7EDD5D27D819130091BAF3 /* Build configuration list for PBXProject "RxSwift_test" */;
			compatibilityVersion = "Xcode 13.0";
			developmentRegion = en;
			hasScannedForEncodings = 0;
			knownRegions = (
				en,
				Base,
			);
			mainGroup = FD7EDD5927D819130091BAF3;
			productRefGroup = FD7EDD6327D819130091BAF3 /* Products */;
			projectDirPath = "";
			projectRoot = "";
			targets = (
				FD7EDD6127D819130091BAF3 /* RxSwift_test */,
			);
		};
/* End PBXProject section */

/* Begin PBXResourcesBuildPhase section */
		FD7EDD6027D819130091BAF3 /* Resources */ = {
			isa = PBXResourcesBuildPhase;
			buildActionMask = 2147483647;
			files = (
				FD7EDD7227D819160091BAF3 /* LaunchScreen.storyboard in Resources */,
				FD7EDD6F27D819160091BAF3 /* Assets.xcassets in Resources */,
				FD7EDD6D27D819130091BAF3 /* Main.storyboard in Resources */,
			);
			runOnlyForDeploymentPostprocessing = 0;
		};
/* End PBXResourcesBuildPhase section */

/* Begin PBXShellScriptBuildPhase section */
		02526DD1448223F00737A08A /* [CP] Embed Pods Frameworks */ = {
			isa = PBXShellScriptBuildPhase;
			buildActionMask = 2147483647;
			files = (
			);
			inputFileListPaths = (
				"${PODS_ROOT}/Target Support Files/Pods-RxSwift_test/Pods-RxSwift_test-frameworks-${CONFIGURATION}-input-files.xcfilelist",
			);
			name = "[CP] Embed Pods Frameworks";
			outputFileListPaths = (
				"${PODS_ROOT}/Target Support Files/Pods-RxSwift_test/Pods-RxSwift_test-frameworks-${CONFIGURATION}-output-files.xcfilelist",
			);
			runOnlyForDeploymentPostprocessing = 0;
			shellPath = /bin/sh;
			shellScript = "\"${PODS_ROOT}/Target Support Files/Pods-RxSwift_test/Pods-RxSwift_test-frameworks.sh\"\n";
			showEnvVarsInLog = 0;
		};
		5196D9F208026D0FD31348CB /* [CP] Check Pods Manifest.lock */ = {
			isa = PBXShellScriptBuildPhase;
			buildActionMask = 2147483647;
			files = (
			);
			inputFileListPaths = (
			);
			inputPaths = (
				"${PODS_PODFILE_DIR_PATH}/Podfile.lock",
				"${PODS_ROOT}/Manifest.lock",
			);
			name = "[CP] Check Pods Manifest.lock";
			outputFileListPaths = (
			);
			outputPaths = (
				"$(DERIVED_FILE_DIR)/Pods-RxSwift_test-checkManifestLockResult.txt",
			);
			runOnlyForDeploymentPostprocessing = 0;
			shellPath = /bin/sh;
			shellScript = "diff \"${PODS_PODFILE_DIR_PATH}/Podfile.lock\" \"${PODS_ROOT}/Manifest.lock\" > /dev/null\nif [ $? != 0 ] ; then\n    # print error to STDERR\n    echo \"error: The sandbox is not in sync with the Podfile.lock. Run 'pod install' or update your CocoaPods installation.\" >&2\n    exit 1\nfi\n# This output is used by Xcode 'outputs' to avoid re-running this script phase.\necho \"SUCCESS\" > \"${SCRIPT_OUTPUT_FILE_0}\"\n";
			showEnvVarsInLog = 0;
		};
/* End PBXShellScriptBuildPhase section */

/* Begin PBXSourcesBuildPhase section */
		FD7EDD5E27D819130091BAF3 /* Sources */ = {
			isa = PBXSourcesBuildPhase;
			buildActionMask = 2147483647;
			files = (
				FD7EDD6A27D819130091BAF3 /* ViewController.swift in Sources */,
				FD7EDD6627D819130091BAF3 /* AppDelegate.swift in Sources */,
				FD7EDD6827D819130091BAF3 /* SceneDelegate.swift in Sources */,
				FD4249E727E168BD0094A5FA /* PhotosCollectionViewController.swift in Sources */,
				FD4F6E1C27F97050002A71B0 /* PhotoCollectionViewCell.swift in Sources */,
			);
			runOnlyForDeploymentPostprocessing = 0;
		};
/* End PBXSourcesBuildPhase section */

/* Begin PBXVariantGroup section */
		FD7EDD6B27D819130091BAF3 /* Main.storyboard */ = {
			isa = PBXVariantGroup;
			children = (
				FD7EDD6C27D819130091BAF3 /* Base */,
			);
			name = Main.storyboard;
			sourceTree = "<group>";
		};
		FD7EDD7027D819160091BAF3 /* LaunchScreen.storyboard */ = {
			isa = PBXVariantGroup;
			children = (
				FD7EDD7127D819160091BAF3 /* Base */,
			);
			name = LaunchScreen.storyboard;
			sourceTree = "<group>";
		};
/* End PBXVariantGroup section */

/* Begin XCBuildConfiguration section */
		FD7EDD7427D819160091BAF3 /* Debug */ = {
			isa = XCBuildConfiguration;
			buildSettings = {
				ALWAYS_SEARCH_USER_PATHS = NO;
				CLANG_ANALYZER_NONNULL = YES;
				CLANG_ANALYZER_NUMBER_OBJECT_CONVERSION = YES_AGGRESSIVE;
				CLANG_CXX_LANGUAGE_STANDARD = "gnu++17";
				CLANG_CXX_LIBRARY = "libc++";
				CLANG_ENABLE_MODULES = YES;
				CLANG_ENABLE_OBJC_ARC = YES;
				CLANG_ENABLE_OBJC_WEAK = YES;
				CLANG_WARN_BLOCK_CAPTURE_AUTORELEASING = YES;
				CLANG_WARN_BOOL_CONVERSION = YES;
				CLANG_WARN_COMMA = YES;
				CLANG_WARN_CONSTANT_CONVERSION = YES;
				CLANG_WARN_DEPRECATED_OBJC_IMPLEMENTATIONS = YES;
				CLANG_WARN_DIRECT_OBJC_ISA_USAGE = YES_ERROR;
				CLANG_WARN_DOCUMENTATION_COMMENTS = YES;
				CLANG_WARN_EMPTY_BODY = YES;
				CLANG_WARN_ENUM_CONVERSION = YES;
				CLANG_WARN_INFINITE_RECURSION = YES;
				CLANG_WARN_INT_CONVERSION = YES;
				CLANG_WARN_NON_LITERAL_NULL_CONVERSION = YES;
				CLANG_WARN_OBJC_IMPLICIT_RETAIN_SELF = YES;
				CLANG_WARN_OBJC_LITERAL_CONVERSION = YES;
				CLANG_WARN_OBJC_ROOT_CLASS = YES_ERROR;
				CLANG_WARN_QUOTED_INCLUDE_IN_FRAMEWORK_HEADER = YES;
				CLANG_WARN_RANGE_LOOP_ANALYSIS = YES;
				CLANG_WARN_STRICT_PROTOTYPES = YES;
				CLANG_WARN_SUSPICIOUS_MOVE = YES;
				CLANG_WARN_UNGUARDED_AVAILABILITY = YES_AGGRESSIVE;
				CLANG_WARN_UNREACHABLE_CODE = YES;
				CLANG_WARN__DUPLICATE_METHOD_MATCH = YES;
				COPY_PHASE_STRIP = NO;
				DEBUG_INFORMATION_FORMAT = dwarf;
				ENABLE_STRICT_OBJC_MSGSEND = YES;
				ENABLE_TESTABILITY = YES;
				GCC_C_LANGUAGE_STANDARD = gnu11;
				GCC_DYNAMIC_NO_PIC = NO;
				GCC_NO_COMMON_BLOCKS = YES;
				GCC_OPTIMIZATION_LEVEL = 0;
				GCC_PREPROCESSOR_DEFINITIONS = (
					"DEBUG=1",
					"$(inherited)",
				);
				GCC_WARN_64_TO_32_BIT_CONVERSION = YES;
				GCC_WARN_ABOUT_RETURN_TYPE = YES_ERROR;
				GCC_WARN_UNDECLARED_SELECTOR = YES;
				GCC_WARN_UNINITIALIZED_AUTOS = YES_AGGRESSIVE;
				GCC_WARN_UNUSED_FUNCTION = YES;
				GCC_WARN_UNUSED_VARIABLE = YES;
				IPHONEOS_DEPLOYMENT_TARGET = 15.0;
				MTL_ENABLE_DEBUG_INFO = INCLUDE_SOURCE;
				MTL_FAST_MATH = YES;
				ONLY_ACTIVE_ARCH = YES;
				SDKROOT = iphoneos;
				SWIFT_ACTIVE_COMPILATION_CONDITIONS = DEBUG;
				SWIFT_OPTIMIZATION_LEVEL = "-Onone";
			};
			name = Debug;
		};
		FD7EDD7527D819160091BAF3 /* Release */ = {
			isa = XCBuildConfiguration;
			buildSettings = {
				ALWAYS_SEARCH_USER_PATHS = NO;
				CLANG_ANALYZER_NONNULL = YES;
				CLANG_ANALYZER_NUMBER_OBJECT_CONVERSION = YES_AGGRESSIVE;
				CLANG_CXX_LANGUAGE_STANDARD = "gnu++17";
				CLANG_CXX_LIBRARY = "libc++";
				CLANG_ENABLE_MODULES = YES;
				CLANG_ENABLE_OBJC_ARC = YES;
				CLANG_ENABLE_OBJC_WEAK = YES;
				CLANG_WARN_BLOCK_CAPTURE_AUTORELEASING = YES;
				CLANG_WARN_BOOL_CONVERSION = YES;
				CLANG_WARN_COMMA = YES;
				CLANG_WARN_CONSTANT_CONVERSION = YES;
				CLANG_WARN_DEPRECATED_OBJC_IMPLEMENTATIONS = YES;
				CLANG_WARN_DIRECT_OBJC_ISA_USAGE = YES_ERROR;
				CLANG_WARN_DOCUMENTATION_COMMENTS = YES;
				CLANG_WARN_EMPTY_BODY = YES;
				CLANG_WARN_ENUM_CONVERSION = YES;
				CLANG_WARN_INFINITE_RECURSION = YES;
				CLANG_WARN_INT_CONVERSION = YES;
				CLANG_WARN_NON_LITERAL_NULL_CONVERSION = YES;
				CLANG_WARN_OBJC_IMPLICIT_RETAIN_SELF = YES;
				CLANG_WARN_OBJC_LITERAL_CONVERSION = YES;
				CLANG_WARN_OBJC_ROOT_CLASS = YES_ERROR;
				CLANG_WARN_QUOTED_INCLUDE_IN_FRAMEWORK_HEADER = YES;
				CLANG_WARN_RANGE_LOOP_ANALYSIS = YES;
				CLANG_WARN_STRICT_PROTOTYPES = YES;
				CLANG_WARN_SUSPICIOUS_MOVE = YES;
				CLANG_WARN_UNGUARDED_AVAILABILITY = YES_AGGRESSIVE;
				CLANG_WARN_UNREACHABLE_CODE = YES;
				CLANG_WARN__DUPLICATE_METHOD_MATCH = YES;
				COPY_PHASE_STRIP = NO;
				DEBUG_INFORMATION_FORMAT = "dwarf-with-dsym";
				ENABLE_NS_ASSERTIONS = NO;
				ENABLE_STRICT_OBJC_MSGSEND = YES;
				GCC_C_LANGUAGE_STANDARD = gnu11;
				GCC_NO_COMMON_BLOCKS = YES;
				GCC_WARN_64_TO_32_BIT_CONVERSION = YES;
				GCC_WARN_ABOUT_RETURN_TYPE = YES_ERROR;
				GCC_WARN_UNDECLARED_SELECTOR = YES;
				GCC_WARN_UNINITIALIZED_AUTOS = YES_AGGRESSIVE;
				GCC_WARN_UNUSED_FUNCTION = YES;
				GCC_WARN_UNUSED_VARIABLE = YES;
				IPHONEOS_DEPLOYMENT_TARGET = 15.0;
				MTL_ENABLE_DEBUG_INFO = NO;
				MTL_FAST_MATH = YES;
				SDKROOT = iphoneos;
				SWIFT_COMPILATION_MODE = wholemodule;
				SWIFT_OPTIMIZATION_LEVEL = "-O";
				VALIDATE_PRODUCT = YES;
			};
			name = Release;
		};
		FD7EDD7727D819160091BAF3 /* Debug */ = {
			isa = XCBuildConfiguration;
			baseConfigurationReference = 7D7B000ECD3776B5C669B59A /* Pods-RxSwift_test.debug.xcconfig */;
			buildSettings = {
				ASSETCATALOG_COMPILER_APPICON_NAME = AppIcon;
				ASSETCATALOG_COMPILER_GLOBAL_ACCENT_COLOR_NAME = AccentColor;
				CODE_SIGN_STYLE = Automatic;
				CURRENT_PROJECT_VERSION = 1;
				DEVELOPMENT_TEAM = S3ZNGP43TF;
				GENERATE_INFOPLIST_FILE = YES;
				INFOPLIST_FILE = RxSwift_test/Info.plist;
				INFOPLIST_KEY_UIApplicationSupportsIndirectInputEvents = YES;
				INFOPLIST_KEY_UILaunchStoryboardName = LaunchScreen;
				INFOPLIST_KEY_UIMainStoryboardFile = Main;
				INFOPLIST_KEY_UISupportedInterfaceOrientations_iPad = "UIInterfaceOrientationPortrait UIInterfaceOrientationPortraitUpsideDown UIInterfaceOrientationLandscapeLeft UIInterfaceOrientationLandscapeRight";
				INFOPLIST_KEY_UISupportedInterfaceOrientations_iPhone = "UIInterfaceOrientationPortrait UIInterfaceOrientationLandscapeLeft UIInterfaceOrientationLandscapeRight";
				LD_RUNPATH_SEARCH_PATHS = (
					"$(inherited)",
					"@executable_path/Frameworks",
				);
				MARKETING_VERSION = 1.0;
				PRODUCT_BUNDLE_IDENTIFIER = "kokikudo.practice.app.RxSwift-test";
				PRODUCT_NAME = "$(TARGET_NAME)";
				SWIFT_EMIT_LOC_STRINGS = YES;
				SWIFT_VERSION = 5.0;
				TARGETED_DEVICE_FAMILY = "1,2";
			};
			name = Debug;
		};
		FD7EDD7827D819160091BAF3 /* Release */ = {
			isa = XCBuildConfiguration;
			baseConfigurationReference = 6732CED29C9EE8D6DBF3E079 /* Pods-RxSwift_test.release.xcconfig */;
			buildSettings = {
				ASSETCATALOG_COMPILER_APPICON_NAME = AppIcon;
				ASSETCATALOG_COMPILER_GLOBAL_ACCENT_COLOR_NAME = AccentColor;
				CODE_SIGN_STYLE = Automatic;
				CURRENT_PROJECT_VERSION = 1;
				DEVELOPMENT_TEAM = S3ZNGP43TF;
				GENERATE_INFOPLIST_FILE = YES;
				INFOPLIST_FILE = RxSwift_test/Info.plist;
				INFOPLIST_KEY_UIApplicationSupportsIndirectInputEvents = YES;
				INFOPLIST_KEY_UILaunchStoryboardName = LaunchScreen;
				INFOPLIST_KEY_UIMainStoryboardFile = Main;
				INFOPLIST_KEY_UISupportedInterfaceOrientations_iPad = "UIInterfaceOrientationPortrait UIInterfaceOrientationPortraitUpsideDown UIInterfaceOrientationLandscapeLeft UIInterfaceOrientationLandscapeRight";
				INFOPLIST_KEY_UISupportedInterfaceOrientations_iPhone = "UIInterfaceOrientationPortrait UIInterfaceOrientationLandscapeLeft UIInterfaceOrientationLandscapeRight";
				LD_RUNPATH_SEARCH_PATHS = (
					"$(inherited)",
					"@executable_path/Frameworks",
				);
				MARKETING_VERSION = 1.0;
				PRODUCT_BUNDLE_IDENTIFIER = "kokikudo.practice.app.RxSwift-test";
				PRODUCT_NAME = "$(TARGET_NAME)";
				SWIFT_EMIT_LOC_STRINGS = YES;
				SWIFT_VERSION = 5.0;
				TARGETED_DEVICE_FAMILY = "1,2";
			};
			name = Release;
		};
/* End XCBuildConfiguration section */

/* Begin XCConfigurationList section */
		FD7EDD5D27D819130091BAF3 /* Build configuration list for PBXProject "RxSwift_test" */ = {
			isa = XCConfigurationList;
			buildConfigurations = (
				FD7EDD7427D819160091BAF3 /* Debug */,
				FD7EDD7527D819160091BAF3 /* Release */,
			);
			defaultConfigurationIsVisible = 0;
			defaultConfigurationName = Release;
		};
		FD7EDD7627D819160091BAF3 /* Build configuration list for PBXNativeTarget "RxSwift_test" */ = {
			isa = XCConfigurationList;
			buildConfigurations = (
				FD7EDD7727D819160091BAF3 /* Debug */,
				FD7EDD7827D819160091BAF3 /* Release */,
			);
			defaultConfigurationIsVisible = 0;
			defaultConfigurationName = Release;
		};
/* End XCConfigurationList section */
	};
	rootObject = FD7EDD5A27D819130091BAF3 /* Project object */;
}
